
Microsoft Visual Studio Solution File, Format Version 12.00
# Visual Studio Version 17
VisualStudioVersion = 17.4.33122.133
MinimumVisualStudioVersion = 10.0.40219.1
Project("{9A19103F-16F7-4668-BE54-9A1E7A4F7556}") = "az204-auth-msal", "az204-auth-msal.csproj", "{BCFB887F-06F5-4539-A652-30316D69A561}"
EndProject
Project("{9A19103F-16F7-4668-BE54-9A1E7A4F7556}") = "az204-auth-msal-mvc", "..\az204-auth-msal-mvc\az204-auth-msal-mvc.csproj", "{219F53F2-4BE0-47D0-84FC-460FBA439D3C}"
EndProject
Global
	GlobalSection(SolutionConfigurationPlatforms) = preSolution
		Debug|Any CPU = Debug|Any CPU
		Release|Any CPU = Release|Any CPU
	EndGlobalSection
	GlobalSection(ProjectConfigurationPlatforms) = postSolution
		{BCFB887F-06F5-4539-A652-30316D69A561}.Debug|Any CPU.ActiveCfg = Debug|Any CPU
		{BCFB887F-06F5-4539-A652-30316D69A561}.Debug|Any CPU.Build.0 = Debug|Any CPU
		{BCFB887F-06F5-4539-A652-30316D69A561}.Release|Any CPU.ActiveCfg = Release|Any CPU
		{BCFB887F-06F5-4539-A652-30316D69A561}.Release|Any CPU.Build.0 = Release|Any CPU
		{219F53F2-4BE0-47D0-84FC-460FBA439D3C}.Debug|Any CPU.ActiveCfg = Debug|Any CPU
		{219F53F2-4BE0-47D0-84FC-460FBA439D3C}.Debug|Any CPU.Build.0 = Debug|Any CPU
		{219F53F2-4BE0-47D0-84FC-460FBA439D3C}.Release|Any CPU.ActiveCfg = Release|Any CPU
		{219F53F2-4BE0-47D0-84FC-460FBA439D3C}.Release|Any CPU.Build.0 = Release|Any CPU
	EndGlobalSection
	GlobalSection(SolutionProperties) = preSolution
		HideSolutionNode = FALSE
	EndGlobalSection
	GlobalSection(ExtensibilityGlobals) = postSolution
		SolutionGuid = {A7BD8DF2-683A-4808-8ED6-E589F9553341}
	EndGlobalSection
EndGlobal
