
Microsoft Visual Studio Solution File, Format Version 12.00
# Visual Studio Version 17
VisualStudioVersion = 17.3.32901.215
MinimumVisualStudioVersion = 10.0.40219.1
Project("{FAE04EC0-301F-11D3-BF4B-00C04F79EFBC}") = "az204-appservice", "WebApplication1\az204-appservice.csproj", "{21A8C0B0-C81E-4E25-AC48-9EBA720D4681}"
EndProject
Global
	GlobalSection(SolutionConfigurationPlatforms) = preSolution
		Debug|Any CPU = Debug|Any CPU
		Release|Any CPU = Release|Any CPU
	EndGlobalSection
	GlobalSection(ProjectConfigurationPlatforms) = postSolution
		{21A8C0B0-C81E-4E25-AC48-9EBA720D4681}.Debug|Any CPU.ActiveCfg = Debug|Any CPU
		{21A8C0B0-C81E-4E25-AC48-9EBA720D4681}.Debug|Any CPU.Build.0 = Debug|Any CPU
		{21A8C0B0-C81E-4E25-AC48-9EBA720D4681}.Release|Any CPU.ActiveCfg = Release|Any CPU
		{21A8C0B0-C81E-4E25-AC48-9EBA720D4681}.Release|Any CPU.Build.0 = Release|Any CPU
	EndGlobalSection
	GlobalSection(SolutionProperties) = preSolution
		HideSolutionNode = FALSE
	EndGlobalSection
	GlobalSection(ExtensibilityGlobals) = postSolution
		SolutionGuid = {CB0A1EDA-E561-4630-9E06-1523F9C082C2}
	EndGlobalSection
EndGlobal
