
Microsoft Visual Studio Solution File, Format Version 12.00
# Visual Studio Version 17
VisualStudioVersion = 17.3.32901.215
MinimumVisualStudioVersion = 10.0.40219.1
Project("{9A19103F-16F7-4668-BE54-9A1E7A4F7556}") = "az204-cosmodb", "az204-cosmodb.csproj", "{1CAA307E-605F-458B-9E1C-091F33A9DFC2}"
EndProject
Global
	GlobalSection(SolutionConfigurationPlatforms) = preSolution
		Debug|Any CPU = Debug|Any CPU
		Release|Any CPU = Release|Any CPU
	EndGlobalSection
	GlobalSection(ProjectConfigurationPlatforms) = postSolution
		{1CAA307E-605F-458B-9E1C-091F33A9DFC2}.Debug|Any CPU.ActiveCfg = Debug|Any CPU
		{1CAA307E-605F-458B-9E1C-091F33A9DFC2}.Debug|Any CPU.Build.0 = Debug|Any CPU
		{1CAA307E-605F-458B-9E1C-091F33A9DFC2}.Release|Any CPU.ActiveCfg = Release|Any CPU
		{1CAA307E-605F-458B-9E1C-091F33A9DFC2}.Release|Any CPU.Build.0 = Release|Any CPU
	EndGlobalSection
	GlobalSection(SolutionProperties) = preSolution
		HideSolutionNode = FALSE
	EndGlobalSection
	GlobalSection(ExtensibilityGlobals) = postSolution
		SolutionGuid = {D718E7BE-BE71-4411-A47F-6FA14C526115}
	EndGlobalSection
EndGlobal
