
Microsoft Visual Studio Solution File, Format Version 12.00
# Visual Studio Version 17
VisualStudioVersion = 17.4.33122.133
MinimumVisualStudioVersion = 10.0.40219.1
Project("{9A19103F-16F7-4668-BE54-9A1E7A4F7556}") = "az204-auth-signin-signout", "az204-auth-signin-signout.csproj", "{1CD199CA-5398-4A7F-AF11-E529FD793860}"
EndProject
Global
	GlobalSection(SolutionConfigurationPlatforms) = preSolution
		Debug|Any CPU = Debug|Any CPU
		Release|Any CPU = Release|Any CPU
	EndGlobalSection
	GlobalSection(ProjectConfigurationPlatforms) = postSolution
		{1CD199CA-5398-4A7F-AF11-E529FD793860}.Debug|Any CPU.ActiveCfg = Debug|Any CPU
		{1CD199CA-5398-4A7F-AF11-E529FD793860}.Debug|Any CPU.Build.0 = Debug|Any CPU
		{1CD199CA-5398-4A7F-AF11-E529FD793860}.Release|Any CPU.ActiveCfg = Release|Any CPU
		{1CD199CA-5398-4A7F-AF11-E529FD793860}.Release|Any CPU.Build.0 = Release|Any CPU
	EndGlobalSection
	GlobalSection(SolutionProperties) = preSolution
		HideSolutionNode = FALSE
	EndGlobalSection
	GlobalSection(ExtensibilityGlobals) = postSolution
		SolutionGuid = {B5FE9BA8-7096-4D48-A157-49F9F4EB5D45}
	EndGlobalSection
EndGlobal
